
Microsoft Visual Studio Solution File, Format Version 12.00
# Visual Studio Version 17
VisualStudioVersion = 17.14.36203.30
MinimumVisualStudioVersion = 10.0.40219.1
Project("{2150E333-8FDC-42A3-9474-1A3956D46DE8}") = "Solution Items", "Solution Items", "{8EC462FD-D22E-90A8-E5CE-7E832BA40C5D}"
	ProjectSection(SolutionItems) = preProject
		404.html = 404.html
		about.html = about.html
		contact.html = contact.html
		index.html = index.html
		project.html = project.html
		send-mail.php = send-mail.php
		service.html = service.html
		type.html = type.html
	EndProjectSection
EndProject
Project("{2150E333-8FDC-42A3-9474-1A3956D46DE8}") = "img", "img", "{02EA681E-C7D8-13C7-8484-4AC65E1B71E8}"
	ProjectSection(SolutionItems) = preProject
		img\3d.png = img\3d.png
		img\about-1.jpg = img\about-1.jpg
		img\about-2.jpg = img\about-2.jpg
		img\banner-img.jpg = img\banner-img.jpg
		img\BIM.jpg = img\BIM.jpg
		img\BIM2.jpg = img\BIM2.jpg
		img\carousel-1.jpg = img\carousel-1.jpg
		img\commercial-1.jpg = img\commercial-1.jpg
		img\commercial-2.jpg = img\commercial-2.jpg
		img\commercial-3.jpg = img\commercial-3.jpg
		img\construction.jpg = img\construction.jpg
		img\header-1.jpg = img\header-1.jpg
		img\header-2.jpg = img\header-2.jpg
		img\industrial-1.jpg = img\industrial-1.jpg
		img\industrial-2.jpg = img\industrial-2.jpg
		img\industrial-3.jpg = img\industrial-3.jpg
		img\infra.jpg = img\infra.jpg
		img\logo.jpg = img\logo.jpg
		img\manu.jpg = img\manu.jpg
		img\manufacturing.jpg = img\manufacturing.jpg
		img\plant.png = img\plant.png
		img\power plants.jpg = img\power plants.jpg
		img\residential-1.jpg = img\residential-1.jpg
		img\residential-2.jpg = img\residential-2.jpg
		img\residential-3.jpg = img\residential-3.jpg
		img\s1.jpg = img\s1.jpg
		img\s2.jpg = img\s2.jpg
		img\s3.jpg = img\s3.jpg
		img\s31.jpg = img\s31.jpg
		img\s4.jpg = img\s4.jpg
		img\s5.jpg = img\s5.jpg
		img\s6.jpg = img\s6.jpg
		img\team-1.jpg = img\team-1.jpg
		img\team-2.jpg = img\team-2.jpg
		img\team-3.jpg = img\team-3.jpg
		img\team-4.jpg = img\team-4.jpg
		img\testimonial-1.jpg = img\testimonial-1.jpg
		img\testimonial-2.jpg = img\testimonial-2.jpg
		img\testimonial-3.jpg = img\testimonial-3.jpg
		img\wheel.png = img\wheel.png
	EndProjectSection
EndProject
Project("{2150E333-8FDC-42A3-9474-1A3956D46DE8}") = "js", "js", "{E97D6C2F-610B-451B-998B-2B5D1679E73D}"
	ProjectSection(SolutionItems) = preProject
		js\main.js = js\main.js
	EndProjectSection
EndProject
Project("{2150E333-8FDC-42A3-9474-1A3956D46DE8}") = "css", "css", "{32E71FA7-A27E-485D-8184-641D275EB3D1}"
	ProjectSection(SolutionItems) = preProject
		css\bootstrap.min.css = css\bootstrap.min.css
		css\style.css = css\style.css
	EndProjectSection
EndProject
Project("{2150E333-8FDC-42A3-9474-1A3956D46DE8}") = "scss", "scss", "{72FA2071-5336-435C-895E-B0A6D651F4A8}"
	ProjectSection(SolutionItems) = preProject
		scss\bootstrap.scss = scss\bootstrap.scss
	EndProjectSection
EndProject
Project("{2150E333-8FDC-42A3-9474-1A3956D46DE8}") = "bootstrap", "bootstrap", "{A8B872DA-48BF-494F-9553-80079CE61828}"
EndProject
Project("{2150E333-8FDC-42A3-9474-1A3956D46DE8}") = "scss", "scss", "{01AB47D7-8DF4-4BDC-95EB-4BCFAF1EB92B}"
	ProjectSection(SolutionItems) = preProject
		scss\bootstrap\scss\bootstrap-grid.scss = scss\bootstrap\scss\bootstrap-grid.scss
		scss\bootstrap\scss\bootstrap-reboot.scss = scss\bootstrap\scss\bootstrap-reboot.scss
		scss\bootstrap\scss\bootstrap-utilities.scss = scss\bootstrap\scss\bootstrap-utilities.scss
		scss\bootstrap\scss\bootstrap.scss = scss\bootstrap\scss\bootstrap.scss
		scss\bootstrap\scss\_accordion.scss = scss\bootstrap\scss\_accordion.scss
		scss\bootstrap\scss\_alert.scss = scss\bootstrap\scss\_alert.scss
		scss\bootstrap\scss\_badge.scss = scss\bootstrap\scss\_badge.scss
		scss\bootstrap\scss\_breadcrumb.scss = scss\bootstrap\scss\_breadcrumb.scss
		scss\bootstrap\scss\_button-group.scss = scss\bootstrap\scss\_button-group.scss
		scss\bootstrap\scss\_buttons.scss = scss\bootstrap\scss\_buttons.scss
		scss\bootstrap\scss\_card.scss = scss\bootstrap\scss\_card.scss
		scss\bootstrap\scss\_carousel.scss = scss\bootstrap\scss\_carousel.scss
		scss\bootstrap\scss\_close.scss = scss\bootstrap\scss\_close.scss
		scss\bootstrap\scss\_containers.scss = scss\bootstrap\scss\_containers.scss
		scss\bootstrap\scss\_dropdown.scss = scss\bootstrap\scss\_dropdown.scss
		scss\bootstrap\scss\_forms.scss = scss\bootstrap\scss\_forms.scss
		scss\bootstrap\scss\_functions.scss = scss\bootstrap\scss\_functions.scss
		scss\bootstrap\scss\_grid.scss = scss\bootstrap\scss\_grid.scss
		scss\bootstrap\scss\_helpers.scss = scss\bootstrap\scss\_helpers.scss
		scss\bootstrap\scss\_images.scss = scss\bootstrap\scss\_images.scss
		scss\bootstrap\scss\_list-group.scss = scss\bootstrap\scss\_list-group.scss
		scss\bootstrap\scss\_mixins.scss = scss\bootstrap\scss\_mixins.scss
		scss\bootstrap\scss\_modal.scss = scss\bootstrap\scss\_modal.scss
		scss\bootstrap\scss\_nav.scss = scss\bootstrap\scss\_nav.scss
		scss\bootstrap\scss\_navbar.scss = scss\bootstrap\scss\_navbar.scss
		scss\bootstrap\scss\_offcanvas.scss = scss\bootstrap\scss\_offcanvas.scss
		scss\bootstrap\scss\_pagination.scss = scss\bootstrap\scss\_pagination.scss
		scss\bootstrap\scss\_popover.scss = scss\bootstrap\scss\_popover.scss
		scss\bootstrap\scss\_progress.scss = scss\bootstrap\scss\_progress.scss
		scss\bootstrap\scss\_reboot.scss = scss\bootstrap\scss\_reboot.scss
		scss\bootstrap\scss\_root.scss = scss\bootstrap\scss\_root.scss
		scss\bootstrap\scss\_spinners.scss = scss\bootstrap\scss\_spinners.scss
		scss\bootstrap\scss\_tables.scss = scss\bootstrap\scss\_tables.scss
		scss\bootstrap\scss\_toasts.scss = scss\bootstrap\scss\_toasts.scss
		scss\bootstrap\scss\_tooltip.scss = scss\bootstrap\scss\_tooltip.scss
		scss\bootstrap\scss\_transitions.scss = scss\bootstrap\scss\_transitions.scss
		scss\bootstrap\scss\_type.scss = scss\bootstrap\scss\_type.scss
		scss\bootstrap\scss\_utilities.scss = scss\bootstrap\scss\_utilities.scss
		scss\bootstrap\scss\_variables.scss = scss\bootstrap\scss\_variables.scss
	EndProjectSection
EndProject
Project("{2150E333-8FDC-42A3-9474-1A3956D46DE8}") = "forms", "forms", "{C1C35CAD-FBF2-49CC-B106-C6B6E1DE1357}"
	ProjectSection(SolutionItems) = preProject
		scss\bootstrap\scss\forms\_floating-labels.scss = scss\bootstrap\scss\forms\_floating-labels.scss
		scss\bootstrap\scss\forms\_form-check.scss = scss\bootstrap\scss\forms\_form-check.scss
		scss\bootstrap\scss\forms\_form-control.scss = scss\bootstrap\scss\forms\_form-control.scss
		scss\bootstrap\scss\forms\_form-range.scss = scss\bootstrap\scss\forms\_form-range.scss
		scss\bootstrap\scss\forms\_form-select.scss = scss\bootstrap\scss\forms\_form-select.scss
		scss\bootstrap\scss\forms\_form-text.scss = scss\bootstrap\scss\forms\_form-text.scss
		scss\bootstrap\scss\forms\_input-group.scss = scss\bootstrap\scss\forms\_input-group.scss
		scss\bootstrap\scss\forms\_labels.scss = scss\bootstrap\scss\forms\_labels.scss
		scss\bootstrap\scss\forms\_validation.scss = scss\bootstrap\scss\forms\_validation.scss
	EndProjectSection
EndProject
Project("{2150E333-8FDC-42A3-9474-1A3956D46DE8}") = "helpers", "helpers", "{529B3517-A5A4-4172-9492-295C89E3978C}"
	ProjectSection(SolutionItems) = preProject
		scss\bootstrap\scss\helpers\_clearfix.scss = scss\bootstrap\scss\helpers\_clearfix.scss
		scss\bootstrap\scss\helpers\_colored-links.scss = scss\bootstrap\scss\helpers\_colored-links.scss
		scss\bootstrap\scss\helpers\_position.scss = scss\bootstrap\scss\helpers\_position.scss
		scss\bootstrap\scss\helpers\_ratio.scss = scss\bootstrap\scss\helpers\_ratio.scss
		scss\bootstrap\scss\helpers\_stretched-link.scss = scss\bootstrap\scss\helpers\_stretched-link.scss
		scss\bootstrap\scss\helpers\_text-truncation.scss = scss\bootstrap\scss\helpers\_text-truncation.scss
		scss\bootstrap\scss\helpers\_visually-hidden.scss = scss\bootstrap\scss\helpers\_visually-hidden.scss
	EndProjectSection
EndProject
Project("{2150E333-8FDC-42A3-9474-1A3956D46DE8}") = "vendor", "vendor", "{BB381295-6DE3-4F8D-A381-FC54D7ECF05E}"
	ProjectSection(SolutionItems) = preProject
		scss\bootstrap\scss\vendor\_rfs.scss = scss\bootstrap\scss\vendor\_rfs.scss
	EndProjectSection
EndProject
Project("{2150E333-8FDC-42A3-9474-1A3956D46DE8}") = "mixins", "mixins", "{45DAAC1A-DC8B-4AE5-86CA-874FC8E87668}"
	ProjectSection(SolutionItems) = preProject
		scss\bootstrap\scss\mixins\_alert.scss = scss\bootstrap\scss\mixins\_alert.scss
		scss\bootstrap\scss\mixins\_border-radius.scss = scss\bootstrap\scss\mixins\_border-radius.scss
		scss\bootstrap\scss\mixins\_box-shadow.scss = scss\bootstrap\scss\mixins\_box-shadow.scss
		scss\bootstrap\scss\mixins\_breakpoints.scss = scss\bootstrap\scss\mixins\_breakpoints.scss
		scss\bootstrap\scss\mixins\_buttons.scss = scss\bootstrap\scss\mixins\_buttons.scss
		scss\bootstrap\scss\mixins\_caret.scss = scss\bootstrap\scss\mixins\_caret.scss
		scss\bootstrap\scss\mixins\_clearfix.scss = scss\bootstrap\scss\mixins\_clearfix.scss
		scss\bootstrap\scss\mixins\_color-scheme.scss = scss\bootstrap\scss\mixins\_color-scheme.scss
		scss\bootstrap\scss\mixins\_container.scss = scss\bootstrap\scss\mixins\_container.scss
		scss\bootstrap\scss\mixins\_deprecate.scss = scss\bootstrap\scss\mixins\_deprecate.scss
		scss\bootstrap\scss\mixins\_forms.scss = scss\bootstrap\scss\mixins\_forms.scss
		scss\bootstrap\scss\mixins\_gradients.scss = scss\bootstrap\scss\mixins\_gradients.scss
		scss\bootstrap\scss\mixins\_grid.scss = scss\bootstrap\scss\mixins\_grid.scss
		scss\bootstrap\scss\mixins\_image.scss = scss\bootstrap\scss\mixins\_image.scss
		scss\bootstrap\scss\mixins\_list-group.scss = scss\bootstrap\scss\mixins\_list-group.scss
		scss\bootstrap\scss\mixins\_lists.scss = scss\bootstrap\scss\mixins\_lists.scss
		scss\bootstrap\scss\mixins\_pagination.scss = scss\bootstrap\scss\mixins\_pagination.scss
		scss\bootstrap\scss\mixins\_reset-text.scss = scss\bootstrap\scss\mixins\_reset-text.scss
		scss\bootstrap\scss\mixins\_resize.scss = scss\bootstrap\scss\mixins\_resize.scss
		scss\bootstrap\scss\mixins\_table-variants.scss = scss\bootstrap\scss\mixins\_table-variants.scss
		scss\bootstrap\scss\mixins\_text-truncate.scss = scss\bootstrap\scss\mixins\_text-truncate.scss
		scss\bootstrap\scss\mixins\_transition.scss = scss\bootstrap\scss\mixins\_transition.scss
		scss\bootstrap\scss\mixins\_utilities.scss = scss\bootstrap\scss\mixins\_utilities.scss
		scss\bootstrap\scss\mixins\_visually-hidden.scss = scss\bootstrap\scss\mixins\_visually-hidden.scss
	EndProjectSection
EndProject
Project("{2150E333-8FDC-42A3-9474-1A3956D46DE8}") = "utilities", "utilities", "{AB19C828-8941-40C3-B07C-1DDEF81F3424}"
	ProjectSection(SolutionItems) = preProject
		scss\bootstrap\scss\utilities\_api.scss = scss\bootstrap\scss\utilities\_api.scss
	EndProjectSection
EndProject
Project("{2150E333-8FDC-42A3-9474-1A3956D46DE8}") = "lib", "lib", "{80CAB6B1-C06E-4770-ADFD-816FF1305791}"
EndProject
Project("{2150E333-8FDC-42A3-9474-1A3956D46DE8}") = "animate", "animate", "{C6AC3D1F-1137-4508-9304-1CBACA3B3E14}"
	ProjectSection(SolutionItems) = preProject
		lib\animate\animate.css = lib\animate\animate.css
		lib\animate\animate.min.css = lib\animate\animate.min.css
	EndProjectSection
EndProject
Project("{2150E333-8FDC-42A3-9474-1A3956D46DE8}") = "easing", "easing", "{6048912F-7AB0-4B12-8F6A-1AA13193F90E}"
	ProjectSection(SolutionItems) = preProject
		lib\easing\easing.js = lib\easing\easing.js
		lib\easing\easing.min.js = lib\easing\easing.min.js
	EndProjectSection
EndProject
Project("{2150E333-8FDC-42A3-9474-1A3956D46DE8}") = "waypoints", "waypoints", "{27DE52F1-062C-4540-A42C-831488D4ABCA}"
	ProjectSection(SolutionItems) = preProject
		lib\waypoints\links.php = lib\waypoints\links.php
		lib\waypoints\waypoints.min.js = lib\waypoints\waypoints.min.js
	EndProjectSection
EndProject
Project("{2150E333-8FDC-42A3-9474-1A3956D46DE8}") = "wow", "wow", "{2A77E733-7573-4180-B7F1-BED313E8EB4F}"
	ProjectSection(SolutionItems) = preProject
		lib\wow\wow.js = lib\wow\wow.js
		lib\wow\wow.min.js = lib\wow\wow.min.js
	EndProjectSection
EndProject
Project("{2150E333-8FDC-42A3-9474-1A3956D46DE8}") = "owlcarousel", "owlcarousel", "{0D3DA7E2-D2E9-4605-9FE4-2D74030970A5}"
	ProjectSection(SolutionItems) = preProject
		lib\owlcarousel\LICENSE = lib\owlcarousel\LICENSE
		lib\owlcarousel\owl.carousel.js = lib\owlcarousel\owl.carousel.js
		lib\owlcarousel\owl.carousel.min.js = lib\owlcarousel\owl.carousel.min.js
	EndProjectSection
EndProject
Project("{2150E333-8FDC-42A3-9474-1A3956D46DE8}") = "assets", "assets", "{5A4953B8-B5DC-4564-AC4C-1DBD00AE0F94}"
	ProjectSection(SolutionItems) = preProject
		lib\owlcarousel\assets\ajax-loader.gif = lib\owlcarousel\assets\ajax-loader.gif
		lib\owlcarousel\assets\owl.carousel.css = lib\owlcarousel\assets\owl.carousel.css
		lib\owlcarousel\assets\owl.carousel.min.css = lib\owlcarousel\assets\owl.carousel.min.css
		lib\owlcarousel\assets\owl.theme.default.css = lib\owlcarousel\assets\owl.theme.default.css
		lib\owlcarousel\assets\owl.theme.default.min.css = lib\owlcarousel\assets\owl.theme.default.min.css
		lib\owlcarousel\assets\owl.theme.green.css = lib\owlcarousel\assets\owl.theme.green.css
		lib\owlcarousel\assets\owl.theme.green.min.css = lib\owlcarousel\assets\owl.theme.green.min.css
		lib\owlcarousel\assets\owl.video.play.png = lib\owlcarousel\assets\owl.video.play.png
	EndProjectSection
EndProject
Global
	GlobalSection(SolutionProperties) = preSolution
		HideSolutionNode = FALSE
	EndGlobalSection
	GlobalSection(NestedProjects) = preSolution
		{02EA681E-C7D8-13C7-8484-4AC65E1B71E8} = {8EC462FD-D22E-90A8-E5CE-7E832BA40C5D}
		{E97D6C2F-610B-451B-998B-2B5D1679E73D} = {8EC462FD-D22E-90A8-E5CE-7E832BA40C5D}
		{32E71FA7-A27E-485D-8184-641D275EB3D1} = {8EC462FD-D22E-90A8-E5CE-7E832BA40C5D}
		{72FA2071-5336-435C-895E-B0A6D651F4A8} = {8EC462FD-D22E-90A8-E5CE-7E832BA40C5D}
		{A8B872DA-48BF-494F-9553-80079CE61828} = {72FA2071-5336-435C-895E-B0A6D651F4A8}
		{01AB47D7-8DF4-4BDC-95EB-4BCFAF1EB92B} = {A8B872DA-48BF-494F-9553-80079CE61828}
		{C1C35CAD-FBF2-49CC-B106-C6B6E1DE1357} = {01AB47D7-8DF4-4BDC-95EB-4BCFAF1EB92B}
		{529B3517-A5A4-4172-9492-295C89E3978C} = {01AB47D7-8DF4-4BDC-95EB-4BCFAF1EB92B}
		{BB381295-6DE3-4F8D-A381-FC54D7ECF05E} = {01AB47D7-8DF4-4BDC-95EB-4BCFAF1EB92B}
		{45DAAC1A-DC8B-4AE5-86CA-874FC8E87668} = {01AB47D7-8DF4-4BDC-95EB-4BCFAF1EB92B}
		{AB19C828-8941-40C3-B07C-1DDEF81F3424} = {01AB47D7-8DF4-4BDC-95EB-4BCFAF1EB92B}
		{80CAB6B1-C06E-4770-ADFD-816FF1305791} = {8EC462FD-D22E-90A8-E5CE-7E832BA40C5D}
		{C6AC3D1F-1137-4508-9304-1CBACA3B3E14} = {80CAB6B1-C06E-4770-ADFD-816FF1305791}
		{6048912F-7AB0-4B12-8F6A-1AA13193F90E} = {80CAB6B1-C06E-4770-ADFD-816FF1305791}
		{27DE52F1-062C-4540-A42C-831488D4ABCA} = {80CAB6B1-C06E-4770-ADFD-816FF1305791}
		{2A77E733-7573-4180-B7F1-BED313E8EB4F} = {80CAB6B1-C06E-4770-ADFD-816FF1305791}
		{0D3DA7E2-D2E9-4605-9FE4-2D74030970A5} = {80CAB6B1-C06E-4770-ADFD-816FF1305791}
		{5A4953B8-B5DC-4564-AC4C-1DBD00AE0F94} = {0D3DA7E2-D2E9-4605-9FE4-2D74030970A5}
	EndGlobalSection
	GlobalSection(ExtensibilityGlobals) = postSolution
		SolutionGuid = {EAF3F1AB-536D-4A9B-8115-5ED6D2B97003}
	EndGlobalSection
EndGlobal
